// !$*UTF8*$!
{
	archiveVersion = 1;
	classes = {
	};
	objectVersion = 46;
	objects = {

/* Begin PBXBuildFile section */
		9A77467A1AFBD92F006BF723 /* AppDelegate.swift in Sources */ = {isa = PBXBuildFile; fileRef = 9A7746791AFBD92F006BF723 /* AppDelegate.swift */; };
		9A77467F1AFBD92F006BF723 /* ViewController.swift in Sources */ = {isa = PBXBuildFile; fileRef = 9A77467E1AFBD92F006BF723 /* ViewController.swift */; };
		9A7746841AFBD92F006BF723 /* Images.xcassets in Resources */ = {isa = PBXBuildFile; fileRef = 9A7746831AFBD92F006BF723 /* Images.xcassets */; };
		9A7746871AFBD92F006BF723 /* LaunchScreen.xib in Resources */ = {isa = PBXBuildFile; fileRef = 9A7746851AFBD92F006BF723 /* LaunchScreen.xib */; };
		9A7746931AFBD92F006BF723 /* Smart_Rider_2Tests.swift in Sources */ = {isa = PBXBuildFile; fileRef = 9A7746921AFBD92F006BF723 /* Smart_Rider_2Tests.swift */; };
		9A77469D1AFBD958006BF723 /* Smart_Rider_2.xcdatamodel in Sources */ = {isa = PBXBuildFile; fileRef = 9A77469C1AFBD958006BF723 /* Smart_Rider_2.xcdatamodel */; };
		9A77469F1AFBDA1A006BF723 /* Main.storyboard in Resources */ = {isa = PBXBuildFile; fileRef = 9A77469E1AFBDA1A006BF723 /* Main.storyboard */; };
		9A7746A11AFBDAF4006BF723 /* Ajouter_moto_view.swift in Sources */ = {isa = PBXBuildFile; fileRef = 9A7746A01AFBDAF3006BF723 /* Ajouter_moto_view.swift */; };
		9A7746A91AFBDC74006BF723 /* SwiftCoreDataHelper.swift in Sources */ = {isa = PBXBuildFile; fileRef = 9A7746A81AFBDC74006BF723 /* SwiftCoreDataHelper.swift */; };
		9A7746AC1AFBDD35006BF723 /* Menu_base.swift in Sources */ = {isa = PBXBuildFile; fileRef = 9A7746AB1AFBDD35006BF723 /* Menu_base.swift */; };
		9A7746B01AFBDF6F006BF723 /* Service.swift in Sources */ = {isa = PBXBuildFile; fileRef = 9A7746AD1AFBDF6F006BF723 /* Service.swift */; };
		9A7746B11AFBDF6F006BF723 /* Moto.swift in Sources */ = {isa = PBXBuildFile; fileRef = 9A7746AE1AFBDF6F006BF723 /* Moto.swift */; };
		9A7746B21AFBDF6F006BF723 /* Pneu.swift in Sources */ = {isa = PBXBuildFile; fileRef = 9A7746AF1AFBDF6F006BF723 /* Pneu.swift */; };
/* End PBXBuildFile section */

/* Begin PBXContainerItemProxy section */
		9A77468D1AFBD92F006BF723 /* PBXContainerItemProxy */ = {
			isa = PBXContainerItemProxy;
			containerPortal = 9A77466C1AFBD92E006BF723 /* Project object */;
			proxyType = 1;
			remoteGlobalIDString = 9A7746731AFBD92F006BF723;
			remoteInfo = Smart_Rider_2;
		};
/* End PBXContainerItemProxy section */

/* Begin PBXFileReference section */
		9A7746741AFBD92F006BF723 /* Smart_Rider_2.app */ = {isa = PBXFileReference; explicitFileType = wrapper.application; includeInIndex = 0; path = Smart_Rider_2.app; sourceTree = BUILT_PRODUCTS_DIR; };
		9A7746781AFBD92F006BF723 /* Info.plist */ = {isa = PBXFileReference; lastKnownFileType = text.plist.xml; path = Info.plist; sourceTree = "<group>"; };
		9A7746791AFBD92F006BF723 /* AppDelegate.swift */ = {isa = PBXFileReference; lastKnownFileType = sourcecode.swift; path = AppDelegate.swift; sourceTree = "<group>"; };
		9A77467E1AFBD92F006BF723 /* ViewController.swift */ = {isa = PBXFileReference; lastKnownFileType = sourcecode.swift; path = ViewController.swift; sourceTree = "<group>"; };
		9A7746831AFBD92F006BF723 /* Images.xcassets */ = {isa = PBXFileReference; lastKnownFileType = folder.assetcatalog; path = Images.xcassets; sourceTree = "<group>"; };
		9A7746861AFBD92F006BF723 /* Base */ = {isa = PBXFileReference; lastKnownFileType = file.xib; name = Base; path = Base.lproj/LaunchScreen.xib; sourceTree = "<group>"; };
		9A77468C1AFBD92F006BF723 /* Smart_Rider_2Tests.xctest */ = {isa = PBXFileReference; explicitFileType = wrapper.cfbundle; includeInIndex = 0; path = Smart_Rider_2Tests.xctest; sourceTree = BUILT_PRODUCTS_DIR; };
		9A7746911AFBD92F006BF723 /* Info.plist */ = {isa = PBXFileReference; lastKnownFileType = text.plist.xml; path = Info.plist; sourceTree = "<group>"; };
		9A7746921AFBD92F006BF723 /* Smart_Rider_2Tests.swift */ = {isa = PBXFileReference; lastKnownFileType = sourcecode.swift; path = Smart_Rider_2Tests.swift; sourceTree = "<group>"; };
		9A77469C1AFBD958006BF723 /* Smart_Rider_2.xcdatamodel */ = {isa = PBXFileReference; lastKnownFileType = wrapper.xcdatamodel; path = Smart_Rider_2.xcdatamodel; sourceTree = "<group>"; };
		9A77469E1AFBDA1A006BF723 /* Main.storyboard */ = {isa = PBXFileReference; fileEncoding = 4; lastKnownFileType = file.storyboard; path = Main.storyboard; sourceTree = "<group>"; };
		9A7746A01AFBDAF3006BF723 /* Ajouter_moto_view.swift */ = {isa = PBXFileReference; fileEncoding = 4; lastKnownFileType = sourcecode.swift; path = Ajouter_moto_view.swift; sourceTree = "<group>"; };
		9A7746A81AFBDC74006BF723 /* SwiftCoreDataHelper.swift */ = {isa = PBXFileReference; fileEncoding = 4; lastKnownFileType = sourcecode.swift; name = SwiftCoreDataHelper.swift; path = ../../ContactU/ContactU/SwiftCoreDataHelper.swift; sourceTree = "<group>"; };
		9A7746AB1AFBDD35006BF723 /* Menu_base.swift */ = {isa = PBXFileReference; fileEncoding = 4; lastKnownFileType = sourcecode.swift; path = Menu_base.swift; sourceTree = "<group>"; };
		9A7746AD1AFBDF6F006BF723 /* Service.swift */ = {isa = PBXFileReference; fileEncoding = 4; lastKnownFileType = sourcecode.swift; path = Service.swift; sourceTree = "<group>"; };
		9A7746AE1AFBDF6F006BF723 /* Moto.swift */ = {isa = PBXFileReference; fileEncoding = 4; lastKnownFileType = sourcecode.swift; path = Moto.swift; sourceTree = "<group>"; };
		9A7746AF1AFBDF6F006BF723 /* Pneu.swift */ = {isa = PBXFileReference; fileEncoding = 4; lastKnownFileType = sourcecode.swift; path = Pneu.swift; sourceTree = "<group>"; };
/* End PBXFileReference section */

/* Begin PBXFrameworksBuildPhase section */
		9A7746711AFBD92F006BF723 /* Frameworks */ = {
			isa = PBXFrameworksBuildPhase;
			buildActionMask = 2147483647;
			files = (
			);
			runOnlyForDeploymentPostprocessing = 0;
		};
		9A7746891AFBD92F006BF723 /* Frameworks */ = {
			isa = PBXFrameworksBuildPhase;
			buildActionMask = 2147483647;
			files = (
			);
			runOnlyForDeploymentPostprocessing = 0;
		};
/* End PBXFrameworksBuildPhase section */

/* Begin PBXGroup section */
		9A77466B1AFBD92E006BF723 = {
			isa = PBXGroup;
			children = (
				9A7746761AFBD92F006BF723 /* Smart_Rider_2 */,
				9A77468F1AFBD92F006BF723 /* Smart_Rider_2Tests */,
				9A7746751AFBD92F006BF723 /* Products */,
			);
			sourceTree = "<group>";
		};
		9A7746751AFBD92F006BF723 /* Products */ = {
			isa = PBXGroup;
			children = (
				9A7746741AFBD92F006BF723 /* Smart_Rider_2.app */,
				9A77468C1AFBD92F006BF723 /* Smart_Rider_2Tests.xctest */,
			);
			name = Products;
			sourceTree = "<group>";
		};
		9A7746761AFBD92F006BF723 /* Smart_Rider_2 */ = {
			isa = PBXGroup;
			children = (
				9A7746AD1AFBDF6F006BF723 /* Service.swift */,
				9A7746AE1AFBDF6F006BF723 /* Moto.swift */,
				9A7746AF1AFBDF6F006BF723 /* Pneu.swift */,
				9A7746AA1AFBDC7A006BF723 /* Helpers */,
				9A7746791AFBD92F006BF723 /* AppDelegate.swift */,
				9A77467E1AFBD92F006BF723 /* ViewController.swift */,
				9A77469E1AFBDA1A006BF723 /* Main.storyboard */,
				9A7746AB1AFBDD35006BF723 /* Menu_base.swift */,
				9A7746A01AFBDAF3006BF723 /* Ajouter_moto_view.swift */,
				9A7746831AFBD92F006BF723 /* Images.xcassets */,
				9A7746851AFBD92F006BF723 /* LaunchScreen.xib */,
				9A77469C1AFBD958006BF723 /* Smart_Rider_2.xcdatamodel */,
				9A7746771AFBD92F006BF723 /* Supporting Files */,
			);
			path = Smart_Rider_2;
			sourceTree = "<group>";
		};
		9A7746771AFBD92F006BF723 /* Supporting Files */ = {
			isa = PBXGroup;
			children = (
				9A7746781AFBD92F006BF723 /* Info.plist */,
			);
			name = "Supporting Files";
			sourceTree = "<group>";
		};
		9A77468F1AFBD92F006BF723 /* Smart_Rider_2Tests */ = {
			isa = PBXGroup;
			children = (
				9A7746921AFBD92F006BF723 /* Smart_Rider_2Tests.swift */,
				9A7746901AFBD92F006BF723 /* Supporting Files */,
			);
			path = Smart_Rider_2Tests;
			sourceTree = "<group>";
		};
		9A7746901AFBD92F006BF723 /* Supporting Files */ = {
			isa = PBXGroup;
			children = (
				9A7746911AFBD92F006BF723 /* Info.plist */,
			);
			name = "Supporting Files";
			sourceTree = "<group>";
		};
		9A7746AA1AFBDC7A006BF723 /* Helpers */ = {
			isa = PBXGroup;
			children = (
				9A7746A81AFBDC74006BF723 /* SwiftCoreDataHelper.swift */,
			);
			name = Helpers;
			sourceTree = "<group>";
		};
/* End PBXGroup section */

/* Begin PBXNativeTarget section */
		9A7746731AFBD92F006BF723 /* Smart_Rider_2 */ = {
			isa = PBXNativeTarget;
			buildConfigurationList = 9A7746961AFBD92F006BF723 /* Build configuration list for PBXNativeTarget "Smart_Rider_2" */;
			buildPhases = (
				9A7746701AFBD92F006BF723 /* Sources */,
				9A7746711AFBD92F006BF723 /* Frameworks */,
				9A7746721AFBD92F006BF723 /* Resources */,
			);
			buildRules = (
			);
			dependencies = (
			);
			name = Smart_Rider_2;
			productName = Smart_Rider_2;
			productReference = 9A7746741AFBD92F006BF723 /* Smart_Rider_2.app */;
			productType = "com.apple.product-type.application";
		};
		9A77468B1AFBD92F006BF723 /* Smart_Rider_2Tests */ = {
			isa = PBXNativeTarget;
			buildConfigurationList = 9A7746991AFBD92F006BF723 /* Build configuration list for PBXNativeTarget "Smart_Rider_2Tests" */;
			buildPhases = (
				9A7746881AFBD92F006BF723 /* Sources */,
				9A7746891AFBD92F006BF723 /* Frameworks */,
				9A77468A1AFBD92F006BF723 /* Resources */,
			);
			buildRules = (
			);
			dependencies = (
				9A77468E1AFBD92F006BF723 /* PBXTargetDependency */,
			);
			name = Smart_Rider_2Tests;
			productName = Smart_Rider_2Tests;
			productReference = 9A77468C1AFBD92F006BF723 /* Smart_Rider_2Tests.xctest */;
			productType = "com.apple.product-type.bundle.unit-test";
		};
/* End PBXNativeTarget section */

/* Begin PBXProject section */
		9A77466C1AFBD92E006BF723 /* Project object */ = {
			isa = PBXProject;
			attributes = {
				LastUpgradeCheck = 0640;
				ORGANIZATIONNAME = Macmini_Dagon;
				TargetAttributes = {
					9A7746731AFBD92F006BF723 = {
						CreatedOnToolsVersion = 6.4;
					};
					9A77468B1AFBD92F006BF723 = {
						CreatedOnToolsVersion = 6.4;
						TestTargetID = 9A7746731AFBD92F006BF723;
					};
				};
			};
			buildConfigurationList = 9A77466F1AFBD92E006BF723 /* Build configuration list for PBXProject "Smart_Rider_2" */;
			compatibilityVersion = "Xcode 3.2";
			developmentRegion = English;
			hasScannedForEncodings = 0;
			knownRegions = (
				en,
				Base,
			);
			mainGroup = 9A77466B1AFBD92E006BF723;
			productRefGroup = 9A7746751AFBD92F006BF723 /* Products */;
			projectDirPath = "";
			projectRoot = "";
			targets = (
				9A7746731AFBD92F006BF723 /* Smart_Rider_2 */,
				9A77468B1AFBD92F006BF723 /* Smart_Rider_2Tests */,
			);
		};
/* End PBXProject section */

/* Begin PBXResourcesBuildPhase section */
		9A7746721AFBD92F006BF723 /* Resources */ = {
			isa = PBXResourcesBuildPhase;
			buildActionMask = 2147483647;
			files = (
				9A77469F1AFBDA1A006BF723 /* Main.storyboard in Resources */,
				9A7746871AFBD92F006BF723 /* LaunchScreen.xib in Resources */,
				9A7746841AFBD92F006BF723 /* Images.xcassets in Resources */,
			);
			runOnlyForDeploymentPostprocessing = 0;
		};
		9A77468A1AFBD92F006BF723 /* Resources */ = {
			isa = PBXResourcesBuildPhase;
			buildActionMask = 2147483647;
			files = (
			);
			runOnlyForDeploymentPostprocessing = 0;
		};
/* End PBXResourcesBuildPhase section */

/* Begin PBXSourcesBuildPhase section */
		9A7746701AFBD92F006BF723 /* Sources */ = {
			isa = PBXSourcesBuildPhase;
			buildActionMask = 2147483647;
			files = (
				9A7746A11AFBDAF4006BF723 /* Ajouter_moto_view.swift in Sources */,
				9A7746B01AFBDF6F006BF723 /* Service.swift in Sources */,
				9A7746AC1AFBDD35006BF723 /* Menu_base.swift in Sources */,
				9A77467F1AFBD92F006BF723 /* ViewController.swift in Sources */,
				9A7746B11AFBDF6F006BF723 /* Moto.swift in Sources */,
				9A7746A91AFBDC74006BF723 /* SwiftCoreDataHelper.swift in Sources */,
				9A77467A1AFBD92F006BF723 /* AppDelegate.swift in Sources */,
				9A77469D1AFBD958006BF723 /* Smart_Rider_2.xcdatamodel in Sources */,
				9A7746B21AFBDF6F006BF723 /* Pneu.swift in Sources */,
			);
			runOnlyForDeploymentPostprocessing = 0;
		};
		9A7746881AFBD92F006BF723 /* Sources */ = {
			isa = PBXSourcesBuildPhase;
			buildActionMask = 2147483647;
			files = (
				9A7746931AFBD92F006BF723 /* Smart_Rider_2Tests.swift in Sources */,
			);
			runOnlyForDeploymentPostprocessing = 0;
		};
/* End PBXSourcesBuildPhase section */

/* Begin PBXTargetDependency section */
		9A77468E1AFBD92F006BF723 /* PBXTargetDependency */ = {
			isa = PBXTargetDependency;
			target = 9A7746731AFBD92F006BF723 /* Smart_Rider_2 */;
			targetProxy = 9A77468D1AFBD92F006BF723 /* PBXContainerItemProxy */;
		};
/* End PBXTargetDependency section */

/* Begin PBXVariantGroup section */
		9A7746851AFBD92F006BF723 /* LaunchScreen.xib */ = {
			isa = PBXVariantGroup;
			children = (
				9A7746861AFBD92F006BF723 /* Base */,
			);
			name = LaunchScreen.xib;
			sourceTree = "<group>";
		};
/* End PBXVariantGroup section */

/* Begin XCBuildConfiguration section */
		9A7746941AFBD92F006BF723 /* Debug */ = {
			isa = XCBuildConfiguration;
			buildSettings = {
				ALWAYS_SEARCH_USER_PATHS = NO;
				CLANG_CXX_LANGUAGE_STANDARD = "gnu++0x";
				CLANG_CXX_LIBRARY = "libc++";
				CLANG_ENABLE_MODULES = YES;
				CLANG_ENABLE_OBJC_ARC = YES;
				CLANG_WARN_BOOL_CONVERSION = YES;
				CLANG_WARN_CONSTANT_CONVERSION = YES;
				CLANG_WARN_DIRECT_OBJC_ISA_USAGE = YES_ERROR;
				CLANG_WARN_EMPTY_BODY = YES;
				CLANG_WARN_ENUM_CONVERSION = YES;
				CLANG_WARN_INT_CONVERSION = YES;
				CLANG_WARN_OBJC_ROOT_CLASS = YES_ERROR;
				CLANG_WARN_UNREACHABLE_CODE = YES;
				CLANG_WARN__DUPLICATE_METHOD_MATCH = YES;
				"CODE_SIGN_IDENTITY[sdk=iphoneos*]" = "iPhone Developer";
				COPY_PHASE_STRIP = NO;
				DEBUG_INFORMATION_FORMAT = "dwarf-with-dsym";
				ENABLE_STRICT_OBJC_MSGSEND = YES;
				GCC_C_LANGUAGE_STANDARD = gnu99;
				GCC_DYNAMIC_NO_PIC = NO;
				GCC_NO_COMMON_BLOCKS = YES;
				GCC_OPTIMIZATION_LEVEL = 0;
				GCC_PREPROCESSOR_DEFINITIONS = (
					"DEBUG=1",
					"$(inherited)",
				);
				GCC_SYMBOLS_PRIVATE_EXTERN = NO;
				GCC_WARN_64_TO_32_BIT_CONVERSION = YES;
				GCC_WARN_ABOUT_RETURN_TYPE = YES_ERROR;
				GCC_WARN_UNDECLARED_SELECTOR = YES;
				GCC_WARN_UNINITIALIZED_AUTOS = YES_AGGRESSIVE;
				GCC_WARN_UNUSED_FUNCTION = YES;
				GCC_WARN_UNUSED_VARIABLE = YES;
				IPHONEOS_DEPLOYMENT_TARGET = 8.4;
				MTL_ENABLE_DEBUG_INFO = YES;
				ONLY_ACTIVE_ARCH = YES;
				SDKROOT = iphoneos;
				SWIFT_OPTIMIZATION_LEVEL = "-Onone";
			};
			name = Debug;
		};
		9A7746951AFBD92F006BF723 /* Release */ = {
			isa = XCBuildConfiguration;
			buildSettings = {
				ALWAYS_SEARCH_USER_PATHS = NO;
				CLANG_CXX_LANGUAGE_STANDARD = "gnu++0x";
				CLANG_CXX_LIBRARY = "libc++";
				CLANG_ENABLE_MODULES = YES;
				CLANG_ENABLE_OBJC_ARC = YES;
				CLANG_WARN_BOOL_CONVERSION = YES;
				CLANG_WARN_CONSTANT_CONVERSION = YES;
				CLANG_WARN_DIRECT_OBJC_ISA_USAGE = YES_ERROR;
				CLANG_WARN_EMPTY_BODY = YES;
				CLANG_WARN_ENUM_CONVERSION = YES;
				CLANG_WARN_INT_CONVERSION = YES;
				CLANG_WARN_OBJC_ROOT_CLASS = YES_ERROR;
				CLANG_WARN_UNREACHABLE_CODE = YES;
				CLANG_WARN__DUPLICATE_METHOD_MATCH = YES;
				"CODE_SIGN_IDENTITY[sdk=iphoneos*]" = "iPhone Developer";
				COPY_PHASE_STRIP = NO;
				DEBUG_INFORMATION_FORMAT = "dwarf-with-dsym";
				ENABLE_NS_ASSERTIONS = NO;
				ENABLE_STRICT_OBJC_MSGSEND = YES;
				GCC_C_LANGUAGE_STANDARD = gnu99;
				GCC_NO_COMMON_BLOCKS = YES;
				GCC_WARN_64_TO_32_BIT_CONVERSION = YES;
				GCC_WARN_ABOUT_RETURN_TYPE = YES_ERROR;
				GCC_WARN_UNDECLARED_SELECTOR = YES;
				GCC_WARN_UNINITIALIZED_AUTOS = YES_AGGRESSIVE;
				GCC_WARN_UNUSED_FUNCTION = YES;
				GCC_WARN_UNUSED_VARIABLE = YES;
				IPHONEOS_DEPLOYMENT_TARGET = 8.4;
				MTL_ENABLE_DEBUG_INFO = NO;
				SDKROOT = iphoneos;
				VALIDATE_PRODUCT = YES;
			};
			name = Release;
		};
		9A7746971AFBD92F006BF723 /* Debug */ = {
			isa = XCBuildConfiguration;
			buildSettings = {
				ASSETCATALOG_COMPILER_APPICON_NAME = AppIcon;
				INFOPLIST_FILE = Smart_Rider_2/Info.plist;
				LD_RUNPATH_SEARCH_PATHS = "$(inherited) @executable_path/Frameworks";
				PRODUCT_NAME = "$(TARGET_NAME)";
			};
			name = Debug;
		};
		9A7746981AFBD92F006BF723 /* Release */ = {
			isa = XCBuildConfiguration;
			buildSettings = {
				ASSETCATALOG_COMPILER_APPICON_NAME = AppIcon;
				INFOPLIST_FILE = Smart_Rider_2/Info.plist;
				LD_RUNPATH_SEARCH_PATHS = "$(inherited) @executable_path/Frameworks";
				PRODUCT_NAME = "$(TARGET_NAME)";
			};
			name = Release;
		};
		9A77469A1AFBD92F006BF723 /* Debug */ = {
			isa = XCBuildConfiguration;
			buildSettings = {
				BUNDLE_LOADER = "$(TEST_HOST)";
				FRAMEWORK_SEARCH_PATHS = (
					"$(SDKROOT)/Developer/Library/Frameworks",
					"$(inherited)",
				);
				GCC_PREPROCESSOR_DEFINITIONS = (
					"DEBUG=1",
					"$(inherited)",
				);
				INFOPLIST_FILE = Smart_Rider_2Tests/Info.plist;
				IPHONEOS_DEPLOYMENT_TARGET = 8.3;
				LD_RUNPATH_SEARCH_PATHS = "$(inherited) @executable_path/Frameworks @loader_path/Frameworks";
				PRODUCT_NAME = "$(TARGET_NAME)";
				TEST_HOST = "$(BUILT_PRODUCTS_DIR)/Smart_Rider_2.app/Smart_Rider_2";
			};
			name = Debug;
		};
		9A77469B1AFBD92F006BF723 /* Release */ = {
			isa = XCBuildConfiguration;
			buildSettings = {
				BUNDLE_LOADER = "$(TEST_HOST)";
				FRAMEWORK_SEARCH_PATHS = (
					"$(SDKROOT)/Developer/Library/Frameworks",
					"$(inherited)",
				);
				INFOPLIST_FILE = Smart_Rider_2Tests/Info.plist;
				IPHONEOS_DEPLOYMENT_TARGET = 8.3;
				LD_RUNPATH_SEARCH_PATHS = "$(inherited) @executable_path/Frameworks @loader_path/Frameworks";
				PRODUCT_NAME = "$(TARGET_NAME)";
				TEST_HOST = "$(BUILT_PRODUCTS_DIR)/Smart_Rider_2.app/Smart_Rider_2";
			};
			name = Release;
		};
/* End XCBuildConfiguration section */

/* Begin XCConfigurationList section */
		9A77466F1AFBD92E006BF723 /* Build configuration list for PBXProject "Smart_Rider_2" */ = {
			isa = XCConfigurationList;
			buildConfigurations = (
				9A7746941AFBD92F006BF723 /* Debug */,
				9A7746951AFBD92F006BF723 /* Release */,
			);
			defaultConfigurationIsVisible = 0;
			defaultConfigurationName = Release;
		};
		9A7746961AFBD92F006BF723 /* Build configuration list for PBXNativeTarget "Smart_Rider_2" */ = {
			isa = XCConfigurationList;
			buildConfigurations = (
				9A7746971AFBD92F006BF723 /* Debug */,
				9A7746981AFBD92F006BF723 /* Release */,
			);
			defaultConfigurationIsVisible = 0;
			defaultConfigurationName = Release;
		};
		9A7746991AFBD92F006BF723 /* Build configuration list for PBXNativeTarget "Smart_Rider_2Tests" */ = {
			isa = XCConfigurationList;
			buildConfigurations = (
				9A77469A1AFBD92F006BF723 /* Debug */,
				9A77469B1AFBD92F006BF723 /* Release */,
			);
			defaultConfigurationIsVisible = 0;
			defaultConfigurationName = Release;
		};
/* End XCConfigurationList section */
	};
	rootObject = 9A77466C1AFBD92E006BF723 /* Project object */;
}
